# This file is generated by running "yarn install" inside your project.
# Manual changes might be lost - proceed with caution!

__metadata:
  version: 7

"app-a@workspace:^, app-a@workspace:packages/app-a":
  version: 0.0.0-use.local
  resolution: "app-a@workspace:packages/app-a"
  dependencies:
    lib-b: "npm:*"
  languageName: unknown
  linkType: soft

"app-b@workspace:packages/app-b":
  version: 0.0.0-use.local
  resolution: "app-b@workspace:packages/app-b"
  dependencies:
    app-a: "workspace:^"
    lib-b: "npm:*"
  languageName: unknown
  linkType: soft

"apps@workspace:.":
  version: 0.0.0-use.local
  resolution: "apps@workspace:."
  languageName: unknown
  linkType: soft

"lib-a@portal:../proj1/packages/lib-a::locator=apps%40workspace%3A.":
  version: 0.0.0-use.local
  resolution: "lib-a@portal:../proj1/packages/lib-a::locator=apps%40workspace%3A."
  dependencies:
    lib-c: "workspace:^"
  languageName: node
  linkType: soft

"lib-b@portal:../proj1/packages/lib-b::locator=apps%40workspace%3A.":
  version: 0.0.0-use.local
  resolution: "lib-b@portal:../proj1/packages/lib-b::locator=apps%40workspace%3A."
  dependencies:
    lib-a: "workspace:^"
  languageName: node
  linkType: soft

"lib-c@portal:../proj1/packages/lib-c::locator=apps%40workspace%3A.":
  version: 0.0.0-use.local
  resolution: "lib-c@portal:../proj1/packages/lib-c::locator=apps%40workspace%3A."
  languageName: node
  linkType: soft
