# This file is generated by running "yarn install" inside your project.
# Manual changes might be lost - proceed with caution!

__metadata:
  version: 7

"lib-a@workspace:^, lib-a@workspace:packages/lib-a":
  version: 0.0.0-use.local
  resolution: "lib-a@workspace:packages/lib-a"
  dependencies:
    lib-c: "workspace:^"
  languageName: unknown
  linkType: soft

"lib-b@workspace:packages/lib-b":
  version: 0.0.0-use.local
  resolution: "lib-b@workspace:packages/lib-b"
  dependencies:
    lib-a: "workspace:^"
  languageName: unknown
  linkType: soft

"lib-c@workspace:^, lib-c@workspace:packages/lib-c":
  version: 0.0.0-use.local
  resolution: "lib-c@workspace:packages/lib-c"
  languageName: unknown
  linkType: soft

"libs@workspace:.":
  version: 0.0.0-use.local
  resolution: "libs@workspace:."
  languageName: unknown
  linkType: soft
